// !$*UTF8*$!
{
	archiveVersion = 1;
	classes = {
	};
	objectVersion = 46;
	objects = {

/* Begin PBXBuildFile section */
		A9B429AB1B41788E0040FE55 /* AppDelegate.swift in Sources */ = {isa = PBXBuildFile; fileRef = A9B429AA1B41788E0040FE55 /* AppDelegate.swift */; };
		A9B429AD1B41788E0040FE55 /* ViewController.swift in Sources */ = {isa = PBXBuildFile; fileRef = A9B429AC1B41788E0040FE55 /* ViewController.swift */; };
		A9B429B01B41788E0040FE55 /* Main.storyboard in Resources */ = {isa = PBXBuildFile; fileRef = A9B429AE1B41788E0040FE55 /* Main.storyboard */; };
		A9B429B21B41788E0040FE55 /* Images.xcassets in Resources */ = {isa = PBXBuildFile; fileRef = A9B429B11B41788E0040FE55 /* Images.xcassets */; };
		A9B429B51B41788E0040FE55 /* LaunchScreen.xib in Resources */ = {isa = PBXBuildFile; fileRef = A9B429B31B41788E0040FE55 /* LaunchScreen.xib */; };
		A9B429C11B41788E0040FE55 /* mind_appTests.swift in Sources */ = {isa = PBXBuildFile; fileRef = A9B429C01B41788E0040FE55 /* mind_appTests.swift */; };
/* End PBXBuildFile section */

/* Begin PBXContainerItemProxy section */
		A9B429BB1B41788E0040FE55 /* PBXContainerItemProxy */ = {
			isa = PBXContainerItemProxy;
			containerPortal = A9B4299D1B41788E0040FE55 /* Project object */;
			proxyType = 1;
			remoteGlobalIDString = A9B429A41B41788E0040FE55;
			remoteInfo = "mind app";
		};
/* End PBXContainerItemProxy section */

/* Begin PBXFileReference section */
		A9B429A51B41788E0040FE55 /* mind app.app */ = {isa = PBXFileReference; explicitFileType = wrapper.application; includeInIndex = 0; path = "mind app.app"; sourceTree = BUILT_PRODUCTS_DIR; };
		A9B429A91B41788E0040FE55 /* Info.plist */ = {isa = PBXFileReference; lastKnownFileType = text.plist.xml; path = Info.plist; sourceTree = "<group>"; };
		A9B429AA1B41788E0040FE55 /* AppDelegate.swift */ = {isa = PBXFileReference; lastKnownFileType = sourcecode.swift; path = AppDelegate.swift; sourceTree = "<group>"; };
		A9B429AC1B41788E0040FE55 /* ViewController.swift */ = {isa = PBXFileReference; lastKnownFileType = sourcecode.swift; path = ViewController.swift; sourceTree = "<group>"; };
		A9B429AF1B41788E0040FE55 /* Base */ = {isa = PBXFileReference; lastKnownFileType = file.storyboard; name = Base; path = Base.lproj/Main.storyboard; sourceTree = "<group>"; };
		A9B429B11B41788E0040FE55 /* Images.xcassets */ = {isa = PBXFileReference; lastKnownFileType = folder.assetcatalog; path = Images.xcassets; sourceTree = "<group>"; };
		A9B429B41B41788E0040FE55 /* Base */ = {isa = PBXFileReference; lastKnownFileType = file.xib; name = Base; path = Base.lproj/LaunchScreen.xib; sourceTree = "<group>"; };
		A9B429BA1B41788E0040FE55 /* mind appTests.xctest */ = {isa = PBXFileReference; explicitFileType = wrapper.cfbundle; includeInIndex = 0; path = "mind appTests.xctest"; sourceTree = BUILT_PRODUCTS_DIR; };
		A9B429BF1B41788E0040FE55 /* Info.plist */ = {isa = PBXFileReference; lastKnownFileType = text.plist.xml; path = Info.plist; sourceTree = "<group>"; };
		A9B429C01B41788E0040FE55 /* mind_appTests.swift */ = {isa = PBXFileReference; lastKnownFileType = sourcecode.swift; path = mind_appTests.swift; sourceTree = "<group>"; };
/* End PBXFileReference section */

/* Begin PBXFrameworksBuildPhase section */
		A9B429A21B41788E0040FE55 /* Frameworks */ = {
			isa = PBXFrameworksBuildPhase;
			buildActionMask = 2147483647;
			files = (
			);
			runOnlyForDeploymentPostprocessing = 0;
		};
		A9B429B71B41788E0040FE55 /* Frameworks */ = {
			isa = PBXFrameworksBuildPhase;
			buildActionMask = 2147483647;
			files = (
			);
			runOnlyForDeploymentPostprocessing = 0;
		};
/* End PBXFrameworksBuildPhase section */

/* Begin PBXGroup section */
		A9B4299C1B41788E0040FE55 = {
			isa = PBXGroup;
			children = (
				A9B429A71B41788E0040FE55 /* mind app */,
				A9B429BD1B41788E0040FE55 /* mind appTests */,
				A9B429A61B41788E0040FE55 /* Products */,
			);
			sourceTree = "<group>";
		};
		A9B429A61B41788E0040FE55 /* Products */ = {
			isa = PBXGroup;
			children = (
				A9B429A51B41788E0040FE55 /* mind app.app */,
				A9B429BA1B41788E0040FE55 /* mind appTests.xctest */,
			);
			name = Products;
			sourceTree = "<group>";
		};
		A9B429A71B41788E0040FE55 /* mind app */ = {
			isa = PBXGroup;
			children = (
				A9B429AA1B41788E0040FE55 /* AppDelegate.swift */,
				A9B429AC1B41788E0040FE55 /* ViewController.swift */,
				A9B429AE1B41788E0040FE55 /* Main.storyboard */,
				A9B429B11B41788E0040FE55 /* Images.xcassets */,
				A9B429B31B41788E0040FE55 /* LaunchScreen.xib */,
				A9B429A81B41788E0040FE55 /* Supporting Files */,
			);
			path = "mind app";
			sourceTree = "<group>";
		};
		A9B429A81B41788E0040FE55 /* Supporting Files */ = {
			isa = PBXGroup;
			children = (
				A9B429A91B41788E0040FE55 /* Info.plist */,
			);
			name = "Supporting Files";
			sourceTree = "<group>";
		};
		A9B429BD1B41788E0040FE55 /* mind appTests */ = {
			isa = PBXGroup;
			children = (
				A9B429C01B41788E0040FE55 /* mind_appTests.swift */,
				A9B429BE1B41788E0040FE55 /* Supporting Files */,
			);
			path = "mind appTests";
			sourceTree = "<group>";
		};
		A9B429BE1B41788E0040FE55 /* Supporting Files */ = {
			isa = PBXGroup;
			children = (
				A9B429BF1B41788E0040FE55 /* Info.plist */,
			);
			name = "Supporting Files";
			sourceTree = "<group>";
		};
/* End PBXGroup section */

/* Begin PBXNativeTarget section */
		A9B429A41B41788E0040FE55 /* mind app */ = {
			isa = PBXNativeTarget;
			buildConfigurationList = A9B429C41B41788E0040FE55 /* Build configuration list for PBXNativeTarget "mind app" */;
			buildPhases = (
				A9B429A11B41788E0040FE55 /* Sources */,
				A9B429A21B41788E0040FE55 /* Frameworks */,
				A9B429A31B41788E0040FE55 /* Resources */,
			);
			buildRules = (
			);
			dependencies = (
			);
			name = "mind app";
			productName = "mind app";
			productReference = A9B429A51B41788E0040FE55 /* mind app.app */;
			productType = "com.apple.product-type.application";
		};
		A9B429B91B41788E0040FE55 /* mind appTests */ = {
			isa = PBXNativeTarget;
			buildConfigurationList = A9B429C71B41788E0040FE55 /* Build configuration list for PBXNativeTarget "mind appTests" */;
			buildPhases = (
				A9B429B61B41788E0040FE55 /* Sources */,
				A9B429B71B41788E0040FE55 /* Frameworks */,
				A9B429B81B41788E0040FE55 /* Resources */,
			);
			buildRules = (
			);
			dependencies = (
				A9B429BC1B41788E0040FE55 /* PBXTargetDependency */,
			);
			name = "mind appTests";
			productName = "mind appTests";
			productReference = A9B429BA1B41788E0040FE55 /* mind appTests.xctest */;
			productType = "com.apple.product-type.bundle.unit-test";
		};
/* End PBXNativeTarget section */

/* Begin PBXProject section */
		A9B4299D1B41788E0040FE55 /* Project object */ = {
			isa = PBXProject;
			attributes = {
				LastUpgradeCheck = 0630;
				ORGANIZATIONNAME = "夏目怜奈";
				TargetAttributes = {
					A9B429A41B41788E0040FE55 = {
						CreatedOnToolsVersion = 6.3.2;
					};
					A9B429B91B41788E0040FE55 = {
						CreatedOnToolsVersion = 6.3.2;
						TestTargetID = A9B429A41B41788E0040FE55;
					};
				};
			};
			buildConfigurationList = A9B429A01B41788E0040FE55 /* Build configuration list for PBXProject "mind app" */;
			compatibilityVersion = "Xcode 3.2";
			developmentRegion = English;
			hasScannedForEncodings = 0;
			knownRegions = (
				en,
				Base,
			);
			mainGroup = A9B4299C1B41788E0040FE55;
			productRefGroup = A9B429A61B41788E0040FE55 /* Products */;
			projectDirPath = "";
			projectRoot = "";
			targets = (
				A9B429A41B41788E0040FE55 /* mind app */,
				A9B429B91B41788E0040FE55 /* mind appTests */,
			);
		};
/* End PBXProject section */

/* Begin PBXResourcesBuildPhase section */
		A9B429A31B41788E0040FE55 /* Resources */ = {
			isa = PBXResourcesBuildPhase;
			buildActionMask = 2147483647;
			files = (
				A9B429B01B41788E0040FE55 /* Main.storyboard in Resources */,
				A9B429B51B41788E0040FE55 /* LaunchScreen.xib in Resources */,
				A9B429B21B41788E0040FE55 /* Images.xcassets in Resources */,
			);
			runOnlyForDeploymentPostprocessing = 0;
		};
		A9B429B81B41788E0040FE55 /* Resources */ = {
			isa = PBXResourcesBuildPhase;
			buildActionMask = 2147483647;
			files = (
			);
			runOnlyForDeploymentPostprocessing = 0;
		};
/* End PBXResourcesBuildPhase section */

/* Begin PBXSourcesBuildPhase section */
		A9B429A11B41788E0040FE55 /* Sources */ = {
			isa = PBXSourcesBuildPhase;
			buildActionMask = 2147483647;
			files = (
				A9B429AD1B41788E0040FE55 /* ViewController.swift in Sources */,
				A9B429AB1B41788E0040FE55 /* AppDelegate.swift in Sources */,
			);
			runOnlyForDeploymentPostprocessing = 0;
		};
		A9B429B61B41788E0040FE55 /* Sources */ = {
			isa = PBXSourcesBuildPhase;
			buildActionMask = 2147483647;
			files = (
				A9B429C11B41788E0040FE55 /* mind_appTests.swift in Sources */,
			);
			runOnlyForDeploymentPostprocessing = 0;
		};
/* End PBXSourcesBuildPhase section */

/* Begin PBXTargetDependency section */
		A9B429BC1B41788E0040FE55 /* PBXTargetDependency */ = {
			isa = PBXTargetDependency;
			target = A9B429A41B41788E0040FE55 /* mind app */;
			targetProxy = A9B429BB1B41788E0040FE55 /* PBXContainerItemProxy */;
		};
/* End PBXTargetDependency section */

/* Begin PBXVariantGroup section */
		A9B429AE1B41788E0040FE55 /* Main.storyboard */ = {
			isa = PBXVariantGroup;
			children = (
				A9B429AF1B41788E0040FE55 /* Base */,
			);
			name = Main.storyboard;
			sourceTree = "<group>";
		};
		A9B429B31B41788E0040FE55 /* LaunchScreen.xib */ = {
			isa = PBXVariantGroup;
			children = (
				A9B429B41B41788E0040FE55 /* Base */,
			);
			name = LaunchScreen.xib;
			sourceTree = "<group>";
		};
/* End PBXVariantGroup section */

/* Begin XCBuildConfiguration section */
		A9B429C21B41788E0040FE55 /* Debug */ = {
			isa = XCBuildConfiguration;
			buildSettings = {
				ALWAYS_SEARCH_USER_PATHS = NO;
				CLANG_CXX_LANGUAGE_STANDARD = "gnu++0x";
				CLANG_CXX_LIBRARY = "libc++";
				CLANG_ENABLE_MODULES = YES;
				CLANG_ENABLE_OBJC_ARC = YES;
				CLANG_WARN_BOOL_CONVERSION = YES;
				CLANG_WARN_CONSTANT_CONVERSION = YES;
				CLANG_WARN_DIRECT_OBJC_ISA_USAGE = YES_ERROR;
				CLANG_WARN_EMPTY_BODY = YES;
				CLANG_WARN_ENUM_CONVERSION = YES;
				CLANG_WARN_INT_CONVERSION = YES;
				CLANG_WARN_OBJC_ROOT_CLASS = YES_ERROR;
				CLANG_WARN_UNREACHABLE_CODE = YES;
				CLANG_WARN__DUPLICATE_METHOD_MATCH = YES;
				"CODE_SIGN_IDENTITY[sdk=iphoneos*]" = "iPhone Developer";
				COPY_PHASE_STRIP = NO;
				DEBUG_INFORMATION_FORMAT = "dwarf-with-dsym";
				ENABLE_STRICT_OBJC_MSGSEND = YES;
				GCC_C_LANGUAGE_STANDARD = gnu99;
				GCC_DYNAMIC_NO_PIC = NO;
				GCC_NO_COMMON_BLOCKS = YES;
				GCC_OPTIMIZATION_LEVEL = 0;
				GCC_PREPROCESSOR_DEFINITIONS = (
					"DEBUG=1",
					"$(inherited)",
				);
				GCC_SYMBOLS_PRIVATE_EXTERN = NO;
				GCC_WARN_64_TO_32_BIT_CONVERSION = YES;
				GCC_WARN_ABOUT_RETURN_TYPE = YES_ERROR;
				GCC_WARN_UNDECLARED_SELECTOR = YES;
				GCC_WARN_UNINITIALIZED_AUTOS = YES_AGGRESSIVE;
				GCC_WARN_UNUSED_FUNCTION = YES;
				GCC_WARN_UNUSED_VARIABLE = YES;
				IPHONEOS_DEPLOYMENT_TARGET = 8.3;
				MTL_ENABLE_DEBUG_INFO = YES;
				ONLY_ACTIVE_ARCH = YES;
				SDKROOT = iphoneos;
				SWIFT_OPTIMIZATION_LEVEL = "-Onone";
			};
			name = Debug;
		};
		A9B429C31B41788E0040FE55 /* Release */ = {
			isa = XCBuildConfiguration;
			buildSettings = {
				ALWAYS_SEARCH_USER_PATHS = NO;
				CLANG_CXX_LANGUAGE_STANDARD = "gnu++0x";
				CLANG_CXX_LIBRARY = "libc++";
				CLANG_ENABLE_MODULES = YES;
				CLANG_ENABLE_OBJC_ARC = YES;
				CLANG_WARN_BOOL_CONVERSION = YES;
				CLANG_WARN_CONSTANT_CONVERSION = YES;
				CLANG_WARN_DIRECT_OBJC_ISA_USAGE = YES_ERROR;
				CLANG_WARN_EMPTY_BODY = YES;
				CLANG_WARN_ENUM_CONVERSION = YES;
				CLANG_WARN_INT_CONVERSION = YES;
				CLANG_WARN_OBJC_ROOT_CLASS = YES_ERROR;
				CLANG_WARN_UNREACHABLE_CODE = YES;
				CLANG_WARN__DUPLICATE_METHOD_MATCH = YES;
				"CODE_SIGN_IDENTITY[sdk=iphoneos*]" = "iPhone Developer";
				COPY_PHASE_STRIP = NO;
				DEBUG_INFORMATION_FORMAT = "dwarf-with-dsym";
				ENABLE_NS_ASSERTIONS = NO;
				ENABLE_STRICT_OBJC_MSGSEND = YES;
				GCC_C_LANGUAGE_STANDARD = gnu99;
				GCC_NO_COMMON_BLOCKS = YES;
				GCC_WARN_64_TO_32_BIT_CONVERSION = YES;
				GCC_WARN_ABOUT_RETURN_TYPE = YES_ERROR;
				GCC_WARN_UNDECLARED_SELECTOR = YES;
				GCC_WARN_UNINITIALIZED_AUTOS = YES_AGGRESSIVE;
				GCC_WARN_UNUSED_FUNCTION = YES;
				GCC_WARN_UNUSED_VARIABLE = YES;
				IPHONEOS_DEPLOYMENT_TARGET = 8.3;
				MTL_ENABLE_DEBUG_INFO = NO;
				SDKROOT = iphoneos;
				VALIDATE_PRODUCT = YES;
			};
			name = Release;
		};
		A9B429C51B41788E0040FE55 /* Debug */ = {
			isa = XCBuildConfiguration;
			buildSettings = {
				ASSETCATALOG_COMPILER_APPICON_NAME = AppIcon;
				INFOPLIST_FILE = "mind app/Info.plist";
				LD_RUNPATH_SEARCH_PATHS = "$(inherited) @executable_path/Frameworks";
				PRODUCT_NAME = "$(TARGET_NAME)";
			};
			name = Debug;
		};
		A9B429C61B41788E0040FE55 /* Release */ = {
			isa = XCBuildConfiguration;
			buildSettings = {
				ASSETCATALOG_COMPILER_APPICON_NAME = AppIcon;
				INFOPLIST_FILE = "mind app/Info.plist";
				LD_RUNPATH_SEARCH_PATHS = "$(inherited) @executable_path/Frameworks";
				PRODUCT_NAME = "$(TARGET_NAME)";
			};
			name = Release;
		};
		A9B429C81B41788E0040FE55 /* Debug */ = {
			isa = XCBuildConfiguration;
			buildSettings = {
				BUNDLE_LOADER = "$(TEST_HOST)";
				FRAMEWORK_SEARCH_PATHS = (
					"$(SDKROOT)/Developer/Library/Frameworks",
					"$(inherited)",
				);
				GCC_PREPROCESSOR_DEFINITIONS = (
					"DEBUG=1",
					"$(inherited)",
				);
				INFOPLIST_FILE = "mind appTests/Info.plist";
				LD_RUNPATH_SEARCH_PATHS = "$(inherited) @executable_path/Frameworks @loader_path/Frameworks";
				PRODUCT_NAME = "$(TARGET_NAME)";
				TEST_HOST = "$(BUILT_PRODUCTS_DIR)/mind app.app/mind app";
			};
			name = Debug;
		};
		A9B429C91B41788E0040FE55 /* Release */ = {
			isa = XCBuildConfiguration;
			buildSettings = {
				BUNDLE_LOADER = "$(TEST_HOST)";
				FRAMEWORK_SEARCH_PATHS = (
					"$(SDKROOT)/Developer/Library/Frameworks",
					"$(inherited)",
				);
				INFOPLIST_FILE = "mind appTests/Info.plist";
				LD_RUNPATH_SEARCH_PATHS = "$(inherited) @executable_path/Frameworks @loader_path/Frameworks";
				PRODUCT_NAME = "$(TARGET_NAME)";
				TEST_HOST = "$(BUILT_PRODUCTS_DIR)/mind app.app/mind app";
			};
			name = Release;
		};
/* End XCBuildConfiguration section */

/* Begin XCConfigurationList section */
		A9B429A01B41788E0040FE55 /* Build configuration list for PBXProject "mind app" */ = {
			isa = XCConfigurationList;
			buildConfigurations = (
				A9B429C21B41788E0040FE55 /* Debug */,
				A9B429C31B41788E0040FE55 /* Release */,
			);
			defaultConfigurationIsVisible = 0;
			defaultConfigurationName = Release;
		};
		A9B429C41B41788E0040FE55 /* Build configuration list for PBXNativeTarget "mind app" */ = {
			isa = XCConfigurationList;
			buildConfigurations = (
				A9B429C51B41788E0040FE55 /* Debug */,
				A9B429C61B41788E0040FE55 /* Release */,
			);
			defaultConfigurationIsVisible = 0;
		};
		A9B429C71B41788E0040FE55 /* Build configuration list for PBXNativeTarget "mind appTests" */ = {
			isa = XCConfigurationList;
			buildConfigurations = (
				A9B429C81B41788E0040FE55 /* Debug */,
				A9B429C91B41788E0040FE55 /* Release */,
			);
			defaultConfigurationIsVisible = 0;
		};
/* End XCConfigurationList section */
	};
	rootObject = A9B4299D1B41788E0040FE55 /* Project object */;
}
